lockfileVersion: '9.0'

settings:
  autoInstallPeers: true
  excludeLinksFromLockfile: false

importers:

  .:
    dependencies:
      honeycomb-grid:
        specifier: 4.1.5
        version: 4.1.5
      ws:
        specifier: 8.21.3
        version: 8.21.3

packages:

  honeycomb-grid@4.1.5:
    resolution: {integrity: sha512-VrnQwu5dHuzqK3wFhLD9EURmLSyEWb0teiHhDJq6WdK0MrFsEtKNYT1HLzXOLe2X1acU8Y9hhK7wWfIiGK1G5w==}
    engines: {node: '>=16'}

  ws@8.21.3:
    resolution: {integrity: sha512-201TZ/kPWxoPr/OKWjquZR1SWKXcvxdH+e1xrx89b3YbmzLMFCLfnaG1HFIgWzJOEWZ7MvpK++odZufgYR50Rw==}
    engines: {node: '>=10.0.0'}
    peerDependencies:
      bufferutil: ^4.0.1
      utf-8-validate: '>=5.0.2'
    peerDependenciesMeta:
      bufferutil:
        optional: true
      utf-8-validate:
        optional: true

snapshots:

  honeycomb-grid@4.1.5: {}

  ws@8.21.3: {}
